
Microsoft Visual Studio Solution File, Format Version 12.00
# Visual Studio Version 16
VisualStudioVersion = 16.0.31025.109
MinimumVisualStudioVersion = 10.0.40219.1
Project("{FAE04EC0-301F-11D3-BF4B-00C04F79EFBC}") = "calculator", "calculator\calculator.csproj", "{EAB7D6BC-30CC-48BB-8453-BE1FCB34CEE3}"
EndProject
Project("{778DAE3C-4631-46EA-AA77-85C1314464D9}") = "calculatorv2", "..\calculatorv2\calculatorv2\calculatorv2.vbproj", "{062E5DE6-56B3-48F3-867F-57150BAFA630}"
EndProject
Global
	GlobalSection(SolutionConfigurationPlatforms) = preSolution
		Debug|Any CPU = Debug|Any CPU
		Release|Any CPU = Release|Any CPU
	EndGlobalSection
	GlobalSection(ProjectConfigurationPlatforms) = postSolution
		{EAB7D6BC-30CC-48BB-8453-BE1FCB34CEE3}.Debug|Any CPU.ActiveCfg = Debug|Any CPU
		{EAB7D6BC-30CC-48BB-8453-BE1FCB34CEE3}.Debug|Any CPU.Build.0 = Debug|Any CPU
		{EAB7D6BC-30CC-48BB-8453-BE1FCB34CEE3}.Release|Any CPU.ActiveCfg = Release|Any CPU
		{EAB7D6BC-30CC-48BB-8453-BE1FCB34CEE3}.Release|Any CPU.Build.0 = Release|Any CPU
		{062E5DE6-56B3-48F3-867F-57150BAFA630}.Debug|Any CPU.ActiveCfg = Debug|Any CPU
		{062E5DE6-56B3-48F3-867F-57150BAFA630}.Debug|Any CPU.Build.0 = Debug|Any CPU
		{062E5DE6-56B3-48F3-867F-57150BAFA630}.Release|Any CPU.ActiveCfg = Release|Any CPU
		{062E5DE6-56B3-48F3-867F-57150BAFA630}.Release|Any CPU.Build.0 = Release|Any CPU
	EndGlobalSection
	GlobalSection(SolutionProperties) = preSolution
		HideSolutionNode = FALSE
	EndGlobalSection
	GlobalSection(ExtensibilityGlobals) = postSolution
		SolutionGuid = {97783971-76E4-4FDC-9A66-3324BB19A49D}
	EndGlobalSection
EndGlobal
